// !$*UTF8*$!
{
	archiveVersion = 1;
	classes = {
	};
	objectVersion = 51;
	objects = {

/* Begin PBXBuildFile section */
		1A044AB0285EDB590047500B /* LanguageManager.swift in Sources */ = {isa = PBXBuildFile; fileRef = 1A044AAF285EDB590047500B /* LanguageManager.swift */; };
		1A044AB2285F0ECA0047500B /* Friend.swift in Sources */ = {isa = PBXBuildFile; fileRef = 1A044AB1285F0ECA0047500B /* Friend.swift */; };
		1A476FE62890F039001C1044 /* ARViewController.swift in Sources */ = {isa = PBXBuildFile; fileRef = 1A476FE52890F039001C1044 /* ARViewController.swift */; };
		1A71AFB6287FCAE1005D4883 /* MapView.swift in Sources */ = {isa = PBXBuildFile; fileRef = 1A71AFB5287FCAE1005D4883 /* MapView.swift */; };
		1A71AFB8287FCB52005D4883 /* DiscriptionView.swift in Sources */ = {isa = PBXBuildFile; fileRef = 1A71AFB7287FCB52005D4883 /* DiscriptionView.swift */; };
		1A8AFA4A2872D9FE00E39774 /* VideoPlayer.swift in Sources */ = {isa = PBXBuildFile; fileRef = 1A8AFA492872D9FE00E39774 /* VideoPlayer.swift */; };
		1A8AFA4C287305BC00E39774 /* DetailCell.swift in Sources */ = {isa = PBXBuildFile; fileRef = 1A8AFA4B287305BC00E39774 /* DetailCell.swift */; };
		1AB76CF9288E8C0B0064D212 /* FriendListView.swift in Sources */ = {isa = PBXBuildFile; fileRef = 1AB76CF8288E8C0B0064D212 /* FriendListView.swift */; };
		1AB76CFB288EAFFF0064D212 /* PostViewCell.swift in Sources */ = {isa = PBXBuildFile; fileRef = 1AB76CFA288EAFFF0064D212 /* PostViewCell.swift */; };
		1AB885E6288D150B00423D5E /* PrivacyPolicy.swift in Sources */ = {isa = PBXBuildFile; fileRef = 1AB885E5288D150B00423D5E /* PrivacyPolicy.swift */; };
		1AB885E8288D1DDD00423D5E /* LoginPageAnimation.json in Resources */ = {isa = PBXBuildFile; fileRef = 1AB885E7288D1DDD00423D5E /* LoginPageAnimation.json */; };
		1AB885EA288D1DE200423D5E /* earth.json in Resources */ = {isa = PBXBuildFile; fileRef = 1AB885E9288D1DE200423D5E /* earth.json */; };
		1AC15EDE287D9BDA001F1FEA /* CashManager.swift in Sources */ = {isa = PBXBuildFile; fileRef = 1AC15EDD287D9BDA001F1FEA /* CashManager.swift */; };
		1AC9F3B0286B412500966A41 /* AdCell.swift in Sources */ = {isa = PBXBuildFile; fileRef = 1AC9F3AF286B412500966A41 /* AdCell.swift */; };
		1ACA3FE3288BFEDF00C43E65 /* NotificationView.swift in Sources */ = {isa = PBXBuildFile; fileRef = 1ACA3FE2288BFEDF00C43E65 /* NotificationView.swift */; };
		1ACB9EFC2875816000E0BEA5 /* SubscribeManager.swift in Sources */ = {isa = PBXBuildFile; fileRef = 1ACB9EFB2875816000E0BEA5 /* SubscribeManager.swift */; };
		1ACB9F012875CAC600E0BEA5 /* SubscriptionViewController.swift in Sources */ = {isa = PBXBuildFile; fileRef = 1ACB9F002875CAC600E0BEA5 /* SubscriptionViewController.swift */; };
		1ADB78AF2882689400641846 /* CustomCalloutView.swift in Sources */ = {isa = PBXBuildFile; fileRef = 1ADB78AE2882689400641846 /* CustomCalloutView.swift */; };
		1AE0BD5F28681B02000F45A7 /* selectLocationMapViewController.swift in Sources */ = {isa = PBXBuildFile; fileRef = 1AE0BD5E28681B02000F45A7 /* selectLocationMapViewController.swift */; };
		1AEC03B628619D6D005EF02C /* FollowManager.swift in Sources */ = {isa = PBXBuildFile; fileRef = 1AEC03B528619D6D005EF02C /* FollowManager.swift */; };
		1AEE166028864141009F3717 /* tripAppTests.swift in Sources */ = {isa = PBXBuildFile; fileRef = 1AEE165F28864141009F3717 /* tripAppTests.swift */; };
		1AEE166D28864565009F3717 /* tripAppUITests.swift in Sources */ = {isa = PBXBuildFile; fileRef = 1AEE166C28864565009F3717 /* tripAppUITests.swift */; };
		1AEE166F28864565009F3717 /* tripAppUITestsLaunchTests.swift in Sources */ = {isa = PBXBuildFile; fileRef = 1AEE166E28864565009F3717 /* tripAppUITestsLaunchTests.swift */; };
		1AEE663028562DE2007AA68B /* MathManager.swift in Sources */ = {isa = PBXBuildFile; fileRef = 1AEE662F28562DE2007AA68B /* MathManager.swift */; };
		1AF715F32890FBBA005456A6 /* MenuView.swift in Sources */ = {isa = PBXBuildFile; fileRef = 1AF715F22890FBBA005456A6 /* MenuView.swift */; };
		1AF715F52890FBD9005456A6 /* ArticleCell.swift in Sources */ = {isa = PBXBuildFile; fileRef = 1AF715F42890FBD9005456A6 /* ArticleCell.swift */; };
		647F37D8570047E5D88F8A5D /* Pods_tripAppTests.framework in Frameworks */ = {isa = PBXBuildFile; fileRef = 287C53C7243613C9F4DD4378 /* Pods_tripAppTests.framework */; };
		6CC5F1D1C49297D6D7AFE3CE /* Pods_tripApp.framework in Frameworks */ = {isa = PBXBuildFile; fileRef = 9E16A77EB94D39ECC61DD5E3 /* Pods_tripApp.framework */; };
		704C69B628351D370078EA40 /* TextFieldView.swift in Sources */ = {isa = PBXBuildFile; fileRef = 704C69B528351D370078EA40 /* TextFieldView.swift */; };
		704C69B928351EF80078EA40 /* Comment.swift in Sources */ = {isa = PBXBuildFile; fileRef = 704C69B828351EF80078EA40 /* Comment.swift */; };
		704C69BC28351F0B0078EA40 /* Message.swift in Sources */ = {isa = PBXBuildFile; fileRef = 704C69BB28351F0B0078EA40 /* Message.swift */; };
		704C69BF28352D2C0078EA40 /* Profile.swift in Sources */ = {isa = PBXBuildFile; fileRef = 704C69BE28352D2C0078EA40 /* Profile.swift */; };
		704C69C228352F620078EA40 /* CommentCell.swift in Sources */ = {isa = PBXBuildFile; fileRef = 704C69C128352F620078EA40 /* CommentCell.swift */; };
		704EEB64282D4E4E0056E748 /* MenuCell.swift in Sources */ = {isa = PBXBuildFile; fileRef = 704EEB63282D4E4E0056E748 /* MenuCell.swift */; };
		704EEB67282D4E8C0056E748 /* BaseCell.swift in Sources */ = {isa = PBXBuildFile; fileRef = 704EEB66282D4E8C0056E748 /* BaseCell.swift */; };
		704EEB6A282D4ED80056E748 /* SectionCell.swift in Sources */ = {isa = PBXBuildFile; fileRef = 704EEB69282D4ED80056E748 /* SectionCell.swift */; };
		705B8CC1284DE53E005DA26B /* EmailViewController.swift in Sources */ = {isa = PBXBuildFile; fileRef = 705B8CC0284DE53E005DA26B /* EmailViewController.swift */; };
		706053E1282A92870067F63F /* DetailViewController.swift in Sources */ = {isa = PBXBuildFile; fileRef = 706053E0282A92870067F63F /* DetailViewController.swift */; };
		706053E5282AAD940067F63F /* ImageDetailView.swift in Sources */ = {isa = PBXBuildFile; fileRef = 706053E4282AAD940067F63F /* ImageDetailView.swift */; };
		706696CE282CC63900E8DDC1 /* SettingViewController.swift in Sources */ = {isa = PBXBuildFile; fileRef = 706696CD282CC63900E8DDC1 /* SettingViewController.swift */; };
		706C2421283C76AC00CA084A /* MenuBar.swift in Sources */ = {isa = PBXBuildFile; fileRef = 706C2420283C76AC00CA084A /* MenuBar.swift */; };
		707278EC28407579009567C1 /* FriendListViewController.swift in Sources */ = {isa = PBXBuildFile; fileRef = 707278EB28407579009567C1 /* FriendListViewController.swift */; };
		707278F028407883009567C1 /* StorageManager.swift in Sources */ = {isa = PBXBuildFile; fileRef = 707278EF28407883009567C1 /* StorageManager.swift */; };
		707278F328409720009567C1 /* FriendListCell.swift in Sources */ = {isa = PBXBuildFile; fileRef = 707278F228409720009567C1 /* FriendListCell.swift */; };
		707F88B1284BAF160054521A /* Discription.swift in Sources */ = {isa = PBXBuildFile; fileRef = 707F88B0284BAF160054521A /* Discription.swift */; };
		707F88B4284BB0E40054521A /* ProfileCell.swift in Sources */ = {isa = PBXBuildFile; fileRef = 707F88B3284BB0E40054521A /* ProfileCell.swift */; };
		707F88BC284BB22E0054521A /* DiscriptionCell.swift in Sources */ = {isa = PBXBuildFile; fileRef = 707F88BB284BB22E0054521A /* DiscriptionCell.swift */; };
		707F88BF284BB2310054521A /* DiscriptionImageCell.swift in Sources */ = {isa = PBXBuildFile; fileRef = 707F88BE284BB2310054521A /* DiscriptionImageCell.swift */; };
		707F88C1284BB2330054521A /* MapAndDiscriptionCell.swift in Sources */ = {isa = PBXBuildFile; fileRef = 707F88C0284BB2330054521A /* MapAndDiscriptionCell.swift */; };
		707F88C3284BB2350054521A /* MapCell.swift in Sources */ = {isa = PBXBuildFile; fileRef = 707F88C2284BB2350054521A /* MapCell.swift */; };
		709433022827AE9B00A9AC3B /* AppDelegate.swift in Sources */ = {isa = PBXBuildFile; fileRef = 709433012827AE9B00A9AC3B /* AppDelegate.swift */; };
		709433042827AE9B00A9AC3B /* SceneDelegate.swift in Sources */ = {isa = PBXBuildFile; fileRef = 709433032827AE9B00A9AC3B /* SceneDelegate.swift */; };
		709433062827AE9B00A9AC3B /* ViewController.swift in Sources */ = {isa = PBXBuildFile; fileRef = 709433052827AE9B00A9AC3B /* ViewController.swift */; };
		709433092827AE9B00A9AC3B /* Main.storyboard in Resources */ = {isa = PBXBuildFile; fileRef = 709433072827AE9B00A9AC3B /* Main.storyboard */; };
		7094330B2827AEA000A9AC3B /* Assets.xcassets in Resources */ = {isa = PBXBuildFile; fileRef = 7094330A2827AEA000A9AC3B /* Assets.xcassets */; };
		7094330E2827AEA000A9AC3B /* LaunchScreen.storyboard in Resources */ = {isa = PBXBuildFile; fileRef = 7094330C2827AEA000A9AC3B /* LaunchScreen.storyboard */; };
		709C26A9283E0A4B00696EEE /* FriendSearchViewController.swift in Sources */ = {isa = PBXBuildFile; fileRef = 709C26A8283E0A4B00696EEE /* FriendSearchViewController.swift */; };
		70A20A8C28349D0D0093FCBB /* GoogleService-Info.plist in Resources */ = {isa = PBXBuildFile; fileRef = 70A20A8B28349D0D0093FCBB /* GoogleService-Info.plist */; };
		70A20A972834A9F40093FCBB /* LoginViewController.swift in Sources */ = {isa = PBXBuildFile; fileRef = 70A20A962834A9F40093FCBB /* LoginViewController.swift */; };
		70A20AA82834C51E0093FCBB /* AuthManager.swift in Sources */ = {isa = PBXBuildFile; fileRef = 70A20AA72834C51E0093FCBB /* AuthManager.swift */; };
		70A20AAB2834C52D0093FCBB /* FirebaseManager.swift in Sources */ = {isa = PBXBuildFile; fileRef = 70A20AAA2834C52D0093FCBB /* FirebaseManager.swift */; };
		70A20AC62834C9E70093FCBB /* TabBarController.swift in Sources */ = {isa = PBXBuildFile; fileRef = 70A20AC52834C9E70093FCBB /* TabBarController.swift */; };
		70A20AC92834CCE50093FCBB /* ProfileViewController.swift in Sources */ = {isa = PBXBuildFile; fileRef = 70A20AC82834CCE50093FCBB /* ProfileViewController.swift */; };
		70A94C2228388B4F004E5123 /* EditViewController.swift in Sources */ = {isa = PBXBuildFile; fileRef = 70A94C2128388B4F004E5123 /* EditViewController.swift */; };
		70AC684A2828F64F00CEC92E /* imageCell.swift in Sources */ = {isa = PBXBuildFile; fileRef = 70AC68492828F64F00CEC92E /* imageCell.swift */; };
		70C1409D282A4CEA007167A1 /* Extension.swift in Sources */ = {isa = PBXBuildFile; fileRef = 70C1409C282A4CE9007167A1 /* Extension.swift */; };
		70C140A3282A4D92007167A1 /* DataManager.swift in Sources */ = {isa = PBXBuildFile; fileRef = 70C140A2282A4D92007167A1 /* DataManager.swift */; };
		70D614FA28281C11007E66A1 /* PostView.swift in Sources */ = {isa = PBXBuildFile; fileRef = 70D614F928281C11007E66A1 /* PostView.swift */; };
/* End PBXBuildFile section */

/* Begin PBXContainerItemProxy section */
		1AEE166128864141009F3717 /* PBXContainerItemProxy */ = {
			isa = PBXContainerItemProxy;
			containerPortal = 709432F62827AE9B00A9AC3B /* Project object */;
			proxyType = 1;
			remoteGlobalIDString = 709432FD2827AE9B00A9AC3B;
			remoteInfo = tripApp;
		};
		1AEE167028864565009F3717 /* PBXContainerItemProxy */ = {
			isa = PBXContainerItemProxy;
			containerPortal = 709432F62827AE9B00A9AC3B /* Project object */;
			proxyType = 1;
			remoteGlobalIDString = 709432FD2827AE9B00A9AC3B;
			remoteInfo = tripApp;
		};
/* End PBXContainerItemProxy section */

/* Begin PBXFileReference section */
		1A044AAF285EDB590047500B /* LanguageManager.swift */ = {isa = PBXFileReference; lastKnownFileType = sourcecode.swift; path = LanguageManager.swift; sourceTree = "<group>"; };
		1A044AB1285F0ECA0047500B /* Friend.swift */ = {isa = PBXFileReference; lastKnownFileType = sourcecode.swift; path = Friend.swift; sourceTree = "<group>"; };
		1A476FE52890F039001C1044 /* ARViewController.swift */ = {isa = PBXFileReference; lastKnownFileType = sourcecode.swift; path = ARViewController.swift; sourceTree = "<group>"; };
		1A530264284DCF1900C92BFE /* tripApp.entitlements */ = {isa = PBXFileReference; lastKnownFileType = text.plist.entitlements; path = tripApp.entitlements; sourceTree = "<group>"; };
		1A71AFB5287FCAE1005D4883 /* MapView.swift */ = {isa = PBXFileReference; lastKnownFileType = sourcecode.swift; path = MapView.swift; sourceTree = "<group>"; };
		1A71AFB7287FCB52005D4883 /* DiscriptionView.swift */ = {isa = PBXFileReference; lastKnownFileType = sourcecode.swift; path = DiscriptionView.swift; sourceTree = "<group>"; };
		1A8AFA492872D9FE00E39774 /* VideoPlayer.swift */ = {isa = PBXFileReference; lastKnownFileType = sourcecode.swift; path = VideoPlayer.swift; sourceTree = "<group>"; };
		1A8AFA4B287305BC00E39774 /* DetailCell.swift */ = {isa = PBXFileReference; lastKnownFileType = sourcecode.swift; path = DetailCell.swift; sourceTree = "<group>"; };
		1AB76CF8288E8C0B0064D212 /* FriendListView.swift */ = {isa = PBXFileReference; lastKnownFileType = sourcecode.swift; path = FriendListView.swift; sourceTree = "<group>"; };
		1AB76CFA288EAFFF0064D212 /* PostViewCell.swift */ = {isa = PBXFileReference; lastKnownFileType = sourcecode.swift; path = PostViewCell.swift; sourceTree = "<group>"; };
		1AB885E5288D150B00423D5E /* PrivacyPolicy.swift */ = {isa = PBXFileReference; lastKnownFileType = sourcecode.swift; path = PrivacyPolicy.swift; sourceTree = "<group>"; };
		1AB885E7288D1DDD00423D5E /* LoginPageAnimation.json */ = {isa = PBXFileReference; fileEncoding = 4; lastKnownFileType = text.json; path = LoginPageAnimation.json; sourceTree = "<group>"; };
		1AB885E9288D1DE200423D5E /* earth.json */ = {isa = PBXFileReference; fileEncoding = 4; lastKnownFileType = text.json; path = earth.json; sourceTree = "<group>"; };
		1AC15EDD287D9BDA001F1FEA /* CashManager.swift */ = {isa = PBXFileReference; lastKnownFileType = sourcecode.swift; path = CashManager.swift; sourceTree = "<group>"; };
		1AC9F3AF286B412500966A41 /* AdCell.swift */ = {isa = PBXFileReference; lastKnownFileType = sourcecode.swift; path = AdCell.swift; sourceTree = "<group>"; };
		1ACA3FE2288BFEDF00C43E65 /* NotificationView.swift */ = {isa = PBXFileReference; lastKnownFileType = sourcecode.swift; path = NotificationView.swift; sourceTree = "<group>"; };
		1ACB9EFB2875816000E0BEA5 /* SubscribeManager.swift */ = {isa = PBXFileReference; lastKnownFileType = sourcecode.swift; path = SubscribeManager.swift; sourceTree = "<group>"; };
		1ACB9F002875CAC600E0BEA5 /* SubscriptionViewController.swift */ = {isa = PBXFileReference; lastKnownFileType = sourcecode.swift; path = SubscriptionViewController.swift; sourceTree = "<group>"; };
		1ADB78AE2882689400641846 /* CustomCalloutView.swift */ = {isa = PBXFileReference; lastKnownFileType = sourcecode.swift; path = CustomCalloutView.swift; sourceTree = "<group>"; };
		1AE0BD5E28681B02000F45A7 /* selectLocationMapViewController.swift */ = {isa = PBXFileReference; lastKnownFileType = sourcecode.swift; path = selectLocationMapViewController.swift; sourceTree = "<group>"; };
		1AEC03B528619D6D005EF02C /* FollowManager.swift */ = {isa = PBXFileReference; lastKnownFileType = sourcecode.swift; path = FollowManager.swift; sourceTree = "<group>"; };
		1AEE165D28864141009F3717 /* tripAppTests.xctest */ = {isa = PBXFileReference; explicitFileType = wrapper.cfbundle; includeInIndex = 0; path = tripAppTests.xctest; sourceTree = BUILT_PRODUCTS_DIR; };
		1AEE165F28864141009F3717 /* tripAppTests.swift */ = {isa = PBXFileReference; lastKnownFileType = sourcecode.swift; path = tripAppTests.swift; sourceTree = "<group>"; };
		1AEE166A28864565009F3717 /* tripAppUITests.xctest */ = {isa = PBXFileReference; explicitFileType = wrapper.cfbundle; includeInIndex = 0; path = tripAppUITests.xctest; sourceTree = BUILT_PRODUCTS_DIR; };
		1AEE166C28864565009F3717 /* tripAppUITests.swift */ = {isa = PBXFileReference; lastKnownFileType = sourcecode.swift; path = tripAppUITests.swift; sourceTree = "<group>"; };
		1AEE166E28864565009F3717 /* tripAppUITestsLaunchTests.swift */ = {isa = PBXFileReference; lastKnownFileType = sourcecode.swift; path = tripAppUITestsLaunchTests.swift; sourceTree = "<group>"; };
		1AEE662F28562DE2007AA68B /* MathManager.swift */ = {isa = PBXFileReference; lastKnownFileType = sourcecode.swift; path = MathManager.swift; sourceTree = "<group>"; };
		1AF715F22890FBBA005456A6 /* MenuView.swift */ = {isa = PBXFileReference; lastKnownFileType = sourcecode.swift; path = MenuView.swift; sourceTree = "<group>"; };
		1AF715F42890FBD9005456A6 /* ArticleCell.swift */ = {isa = PBXFileReference; lastKnownFileType = sourcecode.swift; path = ArticleCell.swift; sourceTree = "<group>"; };
		287C53C7243613C9F4DD4378 /* Pods_tripAppTests.framework */ = {isa = PBXFileReference; explicitFileType = wrapper.framework; includeInIndex = 0; path = Pods_tripAppTests.framework; sourceTree = BUILT_PRODUCTS_DIR; };
		4309F1A74F988A7950F46AE8 /* Pods-tripAppTests.debug.xcconfig */ = {isa = PBXFileReference; includeInIndex = 1; lastKnownFileType = text.xcconfig; name = "Pods-tripAppTests.debug.xcconfig"; path = "Target Support Files/Pods-tripAppTests/Pods-tripAppTests.debug.xcconfig"; sourceTree = "<group>"; };
		6ADC08D3C4D4E4B832F10D2B /* Pods-tripApp.debug.xcconfig */ = {isa = PBXFileReference; includeInIndex = 1; lastKnownFileType = text.xcconfig; name = "Pods-tripApp.debug.xcconfig"; path = "Target Support Files/Pods-tripApp/Pods-tripApp.debug.xcconfig"; sourceTree = "<group>"; };
		704C69B528351D370078EA40 /* TextFieldView.swift */ = {isa = PBXFileReference; lastKnownFileType = sourcecode.swift; path = TextFieldView.swift; sourceTree = "<group>"; };
		704C69B828351EF80078EA40 /* Comment.swift */ = {isa = PBXFileReference; lastKnownFileType = sourcecode.swift; path = Comment.swift; sourceTree = "<group>"; };
		704C69BB28351F0B0078EA40 /* Message.swift */ = {isa = PBXFileReference; lastKnownFileType = sourcecode.swift; path = Message.swift; sourceTree = "<group>"; };
		704C69BE28352D2C0078EA40 /* Profile.swift */ = {isa = PBXFileReference; lastKnownFileType = sourcecode.swift; path = Profile.swift; sourceTree = "<group>"; };
		704C69C128352F620078EA40 /* CommentCell.swift */ = {isa = PBXFileReference; lastKnownFileType = sourcecode.swift; path = CommentCell.swift; sourceTree = "<group>"; };
		704EEB63282D4E4E0056E748 /* MenuCell.swift */ = {isa = PBXFileReference; lastKnownFileType = sourcecode.swift; path = MenuCell.swift; sourceTree = "<group>"; };
		704EEB66282D4E8C0056E748 /* BaseCell.swift */ = {isa = PBXFileReference; lastKnownFileType = sourcecode.swift; path = BaseCell.swift; sourceTree = "<group>"; };
		704EEB69282D4ED80056E748 /* SectionCell.swift */ = {isa = PBXFileReference; lastKnownFileType = sourcecode.swift; path = SectionCell.swift; sourceTree = "<group>"; };
		7059A902284E0E350017F650 /* tripAppDebug.entitlements */ = {isa = PBXFileReference; lastKnownFileType = text.plist.entitlements; path = tripAppDebug.entitlements; sourceTree = "<group>"; };
		705B8CC0284DE53E005DA26B /* EmailViewController.swift */ = {isa = PBXFileReference; lastKnownFileType = sourcecode.swift; path = EmailViewController.swift; sourceTree = "<group>"; };
		706053E0282A92870067F63F /* DetailViewController.swift */ = {isa = PBXFileReference; lastKnownFileType = sourcecode.swift; path = DetailViewController.swift; sourceTree = "<group>"; };
		706053E4282AAD940067F63F /* ImageDetailView.swift */ = {isa = PBXFileReference; lastKnownFileType = sourcecode.swift; path = ImageDetailView.swift; sourceTree = "<group>"; };
		706696CD282CC63900E8DDC1 /* SettingViewController.swift */ = {isa = PBXFileReference; lastKnownFileType = sourcecode.swift; path = SettingViewController.swift; sourceTree = "<group>"; };
		706C2420283C76AC00CA084A /* MenuBar.swift */ = {isa = PBXFileReference; lastKnownFileType = sourcecode.swift; path = MenuBar.swift; sourceTree = "<group>"; };
		707278EB28407579009567C1 /* FriendListViewController.swift */ = {isa = PBXFileReference; lastKnownFileType = sourcecode.swift; path = FriendListViewController.swift; sourceTree = "<group>"; };
		707278EF28407883009567C1 /* StorageManager.swift */ = {isa = PBXFileReference; lastKnownFileType = sourcecode.swift; path = StorageManager.swift; sourceTree = "<group>"; };
		707278F228409720009567C1 /* FriendListCell.swift */ = {isa = PBXFileReference; lastKnownFileType = sourcecode.swift; path = FriendListCell.swift; sourceTree = "<group>"; };
		707F88B0284BAF160054521A /* Discription.swift */ = {isa = PBXFileReference; lastKnownFileType = sourcecode.swift; path = Discription.swift; sourceTree = "<group>"; };
		707F88B3284BB0E40054521A /* ProfileCell.swift */ = {isa = PBXFileReference; lastKnownFileType = sourcecode.swift; path = ProfileCell.swift; sourceTree = "<group>"; };
		707F88BB284BB22E0054521A /* DiscriptionCell.swift */ = {isa = PBXFileReference; lastKnownFileType = sourcecode.swift; path = DiscriptionCell.swift; sourceTree = "<group>"; };
		707F88BE284BB2310054521A /* DiscriptionImageCell.swift */ = {isa = PBXFileReference; lastKnownFileType = sourcecode.swift; path = DiscriptionImageCell.swift; sourceTree = "<group>"; };
		707F88C0284BB2330054521A /* MapAndDiscriptionCell.swift */ = {isa = PBXFileReference; lastKnownFileType = sourcecode.swift; path = MapAndDiscriptionCell.swift; sourceTree = "<group>"; };
		707F88C2284BB2350054521A /* MapCell.swift */ = {isa = PBXFileReference; lastKnownFileType = sourcecode.swift; path = MapCell.swift; sourceTree = "<group>"; };
		709432FE2827AE9B00A9AC3B /* tripApp.app */ = {isa = PBXFileReference; explicitFileType = wrapper.application; includeInIndex = 0; path = tripApp.app; sourceTree = BUILT_PRODUCTS_DIR; };
		709433012827AE9B00A9AC3B /* AppDelegate.swift */ = {isa = PBXFileReference; lastKnownFileType = sourcecode.swift; path = AppDelegate.swift; sourceTree = "<group>"; };
		709433032827AE9B00A9AC3B /* SceneDelegate.swift */ = {isa = PBXFileReference; lastKnownFileType = sourcecode.swift; path = SceneDelegate.swift; sourceTree = "<group>"; };
		709433052827AE9B00A9AC3B /* ViewController.swift */ = {isa = PBXFileReference; lastKnownFileType = sourcecode.swift; path = ViewController.swift; sourceTree = "<group>"; };
		709433082827AE9B00A9AC3B /* Base */ = {isa = PBXFileReference; lastKnownFileType = file.storyboard; name = Base; path = Base.lproj/Main.storyboard; sourceTree = "<group>"; };
		7094330A2827AEA000A9AC3B /* Assets.xcassets */ = {isa = PBXFileReference; lastKnownFileType = folder.assetcatalog; path = Assets.xcassets; sourceTree = "<group>"; };
		7094330D2827AEA000A9AC3B /* Base */ = {isa = PBXFileReference; lastKnownFileType = file.storyboard; name = Base; path = Base.lproj/LaunchScreen.storyboard; sourceTree = "<group>"; };
		7094330F2827AEA000A9AC3B /* Info.plist */ = {isa = PBXFileReference; lastKnownFileType = text.plist.xml; path = Info.plist; sourceTree = "<group>"; };
		709C26A8283E0A4B00696EEE /* FriendSearchViewController.swift */ = {isa = PBXFileReference; lastKnownFileType = sourcecode.swift; path = FriendSearchViewController.swift; sourceTree = "<group>"; };
		70A20A8B28349D0D0093FCBB /* GoogleService-Info.plist */ = {isa = PBXFileReference; fileEncoding = 4; lastKnownFileType = text.plist.xml; path = "GoogleService-Info.plist"; sourceTree = "<group>"; };
		70A20A962834A9F40093FCBB /* LoginViewController.swift */ = {isa = PBXFileReference; lastKnownFileType = sourcecode.swift; name = LoginViewController.swift; path = "../New Group/LoginViewController.swift"; sourceTree = "<group>"; };
		70A20AA72834C51E0093FCBB /* AuthManager.swift */ = {isa = PBXFileReference; lastKnownFileType = sourcecode.swift; path = AuthManager.swift; sourceTree = "<group>"; };
		70A20AAA2834C52D0093FCBB /* FirebaseManager.swift */ = {isa = PBXFileReference; lastKnownFileType = sourcecode.swift; path = FirebaseManager.swift; sourceTree = "<group>"; };
		70A20AC52834C9E70093FCBB /* TabBarController.swift */ = {isa = PBXFileReference; lastKnownFileType = sourcecode.swift; path = TabBarController.swift; sourceTree = "<group>"; };
		70A20AC82834CCE50093FCBB /* ProfileViewController.swift */ = {isa = PBXFileReference; lastKnownFileType = sourcecode.swift; path = ProfileViewController.swift; sourceTree = "<group>"; };
		70A94C2128388B4F004E5123 /* EditViewController.swift */ = {isa = PBXFileReference; lastKnownFileType = sourcecode.swift; path = EditViewController.swift; sourceTree = "<group>"; };
		70AC68492828F64F00CEC92E /* imageCell.swift */ = {isa = PBXFileReference; lastKnownFileType = sourcecode.swift; path = imageCell.swift; sourceTree = "<group>"; };
		70C1409C282A4CE9007167A1 /* Extension.swift */ = {isa = PBXFileReference; lastKnownFileType = sourcecode.swift; path = Extension.swift; sourceTree = "<group>"; };
		70C140A2282A4D92007167A1 /* DataManager.swift */ = {isa = PBXFileReference; lastKnownFileType = sourcecode.swift; path = DataManager.swift; sourceTree = "<group>"; };
		70D614F928281C11007E66A1 /* PostView.swift */ = {isa = PBXFileReference; lastKnownFileType = sourcecode.swift; path = PostView.swift; sourceTree = "<group>"; };
		8554E25B87AF8550684159FF /* Pods-tripAppTests.release.xcconfig */ = {isa = PBXFileReference; includeInIndex = 1; lastKnownFileType = text.xcconfig; name = "Pods-tripAppTests.release.xcconfig"; path = "Target Support Files/Pods-tripAppTests/Pods-tripAppTests.release.xcconfig"; sourceTree = "<group>"; };
		9E16A77EB94D39ECC61DD5E3 /* Pods_tripApp.framework */ = {isa = PBXFileReference; explicitFileType = wrapper.framework; includeInIndex = 0; path = Pods_tripApp.framework; sourceTree = BUILT_PRODUCTS_DIR; };
		FF8FE3FB58F6493F953B91A0 /* Pods-tripApp.release.xcconfig */ = {isa = PBXFileReference; includeInIndex = 1; lastKnownFileType = text.xcconfig; name = "Pods-tripApp.release.xcconfig"; path = "Target Support Files/Pods-tripApp/Pods-tripApp.release.xcconfig"; sourceTree = "<group>"; };
/* End PBXFileReference section */

/* Begin PBXFrameworksBuildPhase section */
		1AEE165A28864141009F3717 /* Frameworks */ = {
			isa = PBXFrameworksBuildPhase;
			buildActionMask = 2147483647;
			files = (
				647F37D8570047E5D88F8A5D /* Pods_tripAppTests.framework in Frameworks */,
			);
			runOnlyForDeploymentPostprocessing = 0;
		};
		1AEE166728864565009F3717 /* Frameworks */ = {
			isa = PBXFrameworksBuildPhase;
			buildActionMask = 2147483647;
			files = (
			);
			runOnlyForDeploymentPostprocessing = 0;
		};
		709432FB2827AE9B00A9AC3B /* Frameworks */ = {
			isa = PBXFrameworksBuildPhase;
			buildActionMask = 2147483647;
			files = (
				6CC5F1D1C49297D6D7AFE3CE /* Pods_tripApp.framework in Frameworks */,
			);
			runOnlyForDeploymentPostprocessing = 0;
		};
/* End PBXFrameworksBuildPhase section */

/* Begin PBXGroup section */
		1ACB6ACC2888E8A0005BD744 /* Main */ = {
			isa = PBXGroup;
			children = (
				709433052827AE9B00A9AC3B /* ViewController.swift */,
				706053E0282A92870067F63F /* DetailViewController.swift */,
				706053E4282AAD940067F63F /* ImageDetailView.swift */,
			);
			path = Main;
			sourceTree = "<group>";
		};
		1ACB9F022875CEDA00E0BEA5 /* Subscription */ = {
			isa = PBXGroup;
			children = (
				1ACB9F002875CAC600E0BEA5 /* SubscriptionViewController.swift */,
				1AB885E5288D150B00423D5E /* PrivacyPolicy.swift */,
			);
			path = Subscription;
			sourceTree = "<group>";
		};
		1AE0BD6028681B11000F45A7 /* Post */ = {
			isa = PBXGroup;
			children = (
				70D614F928281C11007E66A1 /* PostView.swift */,
				1AE0BD5E28681B02000F45A7 /* selectLocationMapViewController.swift */,
			);
			path = Post;
			sourceTree = "<group>";
		};
		1AEE165E28864141009F3717 /* tripAppTests */ = {
			isa = PBXGroup;
			children = (
				1AEE165F28864141009F3717 /* tripAppTests.swift */,
			);
			path = tripAppTests;
			sourceTree = "<group>";
		};
		1AEE166B28864565009F3717 /* tripAppUITests */ = {
			isa = PBXGroup;
			children = (
				1AEE166C28864565009F3717 /* tripAppUITests.swift */,
				1AEE166E28864565009F3717 /* tripAppUITestsLaunchTests.swift */,
			);
			path = tripAppUITests;
			sourceTree = "<group>";
		};
		2EFB79C41EC08B656062A9F1 /* Frameworks */ = {
			isa = PBXGroup;
			children = (
				9E16A77EB94D39ECC61DD5E3 /* Pods_tripApp.framework */,
				287C53C7243613C9F4DD4378 /* Pods_tripAppTests.framework */,
			);
			name = Frameworks;
			sourceTree = "<group>";
		};
		705B8CBF284DE521005DA26B /* Auth */ = {
			isa = PBXGroup;
			children = (
				70A20A962834A9F40093FCBB /* LoginViewController.swift */,
				705B8CC0284DE53E005DA26B /* EmailViewController.swift */,
			);
			path = Auth;
			sourceTree = "<group>";
		};
		707F88BA284BB21E0054521A /* New Group */ = {
			isa = PBXGroup;
			children = (
				707F88BB284BB22E0054521A /* DiscriptionCell.swift */,
				707F88BE284BB2310054521A /* DiscriptionImageCell.swift */,
				707F88C0284BB2330054521A /* MapAndDiscriptionCell.swift */,
				1A71AFB5287FCAE1005D4883 /* MapView.swift */,
				707F88C2284BB2350054521A /* MapCell.swift */,
				1A71AFB7287FCB52005D4883 /* DiscriptionView.swift */,
				1ADB78AE2882689400641846 /* CustomCalloutView.swift */,
			);
			path = "New Group";
			sourceTree = "<group>";
		};
		709432F52827AE9B00A9AC3B = {
			isa = PBXGroup;
			children = (
				709433002827AE9B00A9AC3B /* tripApp */,
				1AEE165E28864141009F3717 /* tripAppTests */,
				1AEE166B28864565009F3717 /* tripAppUITests */,
				709432FF2827AE9B00A9AC3B /* Products */,
				DB230F44420F7E99C867D471 /* Pods */,
				2EFB79C41EC08B656062A9F1 /* Frameworks */,
			);
			sourceTree = "<group>";
		};
		709432FF2827AE9B00A9AC3B /* Products */ = {
			isa = PBXGroup;
			children = (
				709432FE2827AE9B00A9AC3B /* tripApp.app */,
				1AEE165D28864141009F3717 /* tripAppTests.xctest */,
				1AEE166A28864565009F3717 /* tripAppUITests.xctest */,
			);
			name = Products;
			sourceTree = "<group>";
		};
		709433002827AE9B00A9AC3B /* tripApp */ = {
			isa = PBXGroup;
			children = (
				7059A902284E0E350017F650 /* tripAppDebug.entitlements */,
				1A530264284DCF1900C92BFE /* tripApp.entitlements */,
				70C140A1282A4D7E007167A1 /* DataManager */,
				70AC68472828DD0B00CEC92E /* Controller */,
				70AC68462828DCE700CEC92E /* Model */,
				70D614FC2828304F007E66A1 /* View */,
				709433012827AE9B00A9AC3B /* AppDelegate.swift */,
				1AB885E7288D1DDD00423D5E /* LoginPageAnimation.json */,
				1AB885E9288D1DE200423D5E /* earth.json */,
				70C1409C282A4CE9007167A1 /* Extension.swift */,
				709433032827AE9B00A9AC3B /* SceneDelegate.swift */,
				709433072827AE9B00A9AC3B /* Main.storyboard */,
				7094330A2827AEA000A9AC3B /* Assets.xcassets */,
				7094330C2827AEA000A9AC3B /* LaunchScreen.storyboard */,
				7094330F2827AEA000A9AC3B /* Info.plist */,
				70A20A8B28349D0D0093FCBB /* GoogleService-Info.plist */,
			);
			path = tripApp;
			sourceTree = "<group>";
		};
		70A94C1F28388B32004E5123 /* Profile */ = {
			isa = PBXGroup;
			children = (
				70A20AC82834CCE50093FCBB /* ProfileViewController.swift */,
				70A94C2128388B4F004E5123 /* EditViewController.swift */,
				707278EB28407579009567C1 /* FriendListViewController.swift */,
				709C26A8283E0A4B00696EEE /* FriendSearchViewController.swift */,
			);
			path = Profile;
			sourceTree = "<group>";
		};
		70AC68462828DCE700CEC92E /* Model */ = {
			isa = PBXGroup;
			children = (
				704C69B828351EF80078EA40 /* Comment.swift */,
				704C69BB28351F0B0078EA40 /* Message.swift */,
				704C69BE28352D2C0078EA40 /* Profile.swift */,
				707F88B0284BAF160054521A /* Discription.swift */,
				1A044AB1285F0ECA0047500B /* Friend.swift */,
			);
			path = Model;
			sourceTree = "<group>";
		};
		70AC68472828DD0B00CEC92E /* Controller */ = {
			isa = PBXGroup;
			children = (
				1ACB6ACC2888E8A0005BD744 /* Main */,
				1ACB9F022875CEDA00E0BEA5 /* Subscription */,
				1AE0BD6028681B11000F45A7 /* Post */,
				705B8CBF284DE521005DA26B /* Auth */,
				70A94C1F28388B32004E5123 /* Profile */,
				706696CD282CC63900E8DDC1 /* SettingViewController.swift */,
				70A20AC52834C9E70093FCBB /* TabBarController.swift */,
				1A476FE52890F039001C1044 /* ARViewController.swift */,
			);
			path = Controller;
			sourceTree = "<group>";
		};
		70C140A1282A4D7E007167A1 /* DataManager */ = {
			isa = PBXGroup;
			children = (
				70C140A2282A4D92007167A1 /* DataManager.swift */,
				70A20AA72834C51E0093FCBB /* AuthManager.swift */,
				70A20AAA2834C52D0093FCBB /* FirebaseManager.swift */,
				707278EF28407883009567C1 /* StorageManager.swift */,
				1AEE662F28562DE2007AA68B /* MathManager.swift */,
				1A044AAF285EDB590047500B /* LanguageManager.swift */,
				1AEC03B528619D6D005EF02C /* FollowManager.swift */,
				1ACB9EFB2875816000E0BEA5 /* SubscribeManager.swift */,
				1AC15EDD287D9BDA001F1FEA /* CashManager.swift */,
			);
			path = DataManager;
			sourceTree = "<group>";
		};
		70D614FC2828304F007E66A1 /* View */ = {
			isa = PBXGroup;
			children = (
				707F88BA284BB21E0054521A /* New Group */,
				70AC68492828F64F00CEC92E /* imageCell.swift */,
				704EEB63282D4E4E0056E748 /* MenuCell.swift */,
				704EEB66282D4E8C0056E748 /* BaseCell.swift */,
				704C69C128352F620078EA40 /* CommentCell.swift */,
				704EEB69282D4ED80056E748 /* SectionCell.swift */,
				704C69B528351D370078EA40 /* TextFieldView.swift */,
				706C2420283C76AC00CA084A /* MenuBar.swift */,
				707278F228409720009567C1 /* FriendListCell.swift */,
				707F88B3284BB0E40054521A /* ProfileCell.swift */,
				1AC9F3AF286B412500966A41 /* AdCell.swift */,
				1A8AFA492872D9FE00E39774 /* VideoPlayer.swift */,
				1A8AFA4B287305BC00E39774 /* DetailCell.swift */,
				1ACA3FE2288BFEDF00C43E65 /* NotificationView.swift */,
				1AB76CF8288E8C0B0064D212 /* FriendListView.swift */,
				1AB76CFA288EAFFF0064D212 /* PostViewCell.swift */,
				1AF715F22890FBBA005456A6 /* MenuView.swift */,
				1AF715F42890FBD9005456A6 /* ArticleCell.swift */,
			);
			path = View;
			sourceTree = "<group>";
		};
		DB230F44420F7E99C867D471 /* Pods */ = {
			isa = PBXGroup;
			children = (
				6ADC08D3C4D4E4B832F10D2B /* Pods-tripApp.debug.xcconfig */,
				FF8FE3FB58F6493F953B91A0 /* Pods-tripApp.release.xcconfig */,
				4309F1A74F988A7950F46AE8 /* Pods-tripAppTests.debug.xcconfig */,
				8554E25B87AF8550684159FF /* Pods-tripAppTests.release.xcconfig */,
			);
			path = Pods;
			sourceTree = "<group>";
		};
/* End PBXGroup section */

/* Begin PBXNativeTarget section */
		1AEE165C28864141009F3717 /* tripAppTests */ = {
			isa = PBXNativeTarget;
			buildConfigurationList = 1AEE166328864141009F3717 /* Build configuration list for PBXNativeTarget "tripAppTests" */;
			buildPhases = (
				58E1D5DBCE44AC1F3D0ECE0C /* [CP] Check Pods Manifest.lock */,
				1AEE165928864141009F3717 /* Sources */,
				1AEE165A28864141009F3717 /* Frameworks */,
				1AEE165B28864141009F3717 /* Resources */,
				E844356D14298C2E286A1C5F /* [CP] Embed Pods Frameworks */,
			);
			buildRules = (
			);
			dependencies = (
				1AEE166228864141009F3717 /* PBXTargetDependency */,
			);
			name = tripAppTests;
			productName = tripAppTests;
			productReference = 1AEE165D28864141009F3717 /* tripAppTests.xctest */;
			productType = "com.apple.product-type.bundle.unit-test";
		};
		1AEE166928864565009F3717 /* tripAppUITests */ = {
			isa = PBXNativeTarget;
			buildConfigurationList = 1AEE167228864565009F3717 /* Build configuration list for PBXNativeTarget "tripAppUITests" */;
			buildPhases = (
				1AEE166628864565009F3717 /* Sources */,
				1AEE166728864565009F3717 /* Frameworks */,
				1AEE166828864565009F3717 /* Resources */,
			);
			buildRules = (
			);
			dependencies = (
				1AEE167128864565009F3717 /* PBXTargetDependency */,
			);
			name = tripAppUITests;
			productName = tripAppUITests;
			productReference = 1AEE166A28864565009F3717 /* tripAppUITests.xctest */;
			productType = "com.apple.product-type.bundle.ui-testing";
		};
		709432FD2827AE9B00A9AC3B /* tripApp */ = {
			isa = PBXNativeTarget;
			buildConfigurationList = 709433122827AEA000A9AC3B /* Build configuration list for PBXNativeTarget "tripApp" */;
			buildPhases = (
				DAE179F74BA5FFB22C033AD5 /* [CP] Check Pods Manifest.lock */,
				709432FA2827AE9B00A9AC3B /* Sources */,
				709432FB2827AE9B00A9AC3B /* Frameworks */,
				709432FC2827AE9B00A9AC3B /* Resources */,
				3A4578EF31FFE80F6E6FC6BD /* [CP] Embed Pods Frameworks */,
				F82CE01E039969BCF11714A1 /* [CP] Copy Pods Resources */,
			);
			buildRules = (
			);
			dependencies = (
			);
			name = tripApp;
			productName = tripApp;
			productReference = 709432FE2827AE9B00A9AC3B /* tripApp.app */;
			productType = "com.apple.product-type.application";
		};
/* End PBXNativeTarget section */

/* Begin PBXProject section */
		709432F62827AE9B00A9AC3B /* Project object */ = {
			isa = PBXProject;
			attributes = {
				LastSwiftUpdateCheck = 1340;
				LastUpgradeCheck = 1240;
				TargetAttributes = {
					1AEE165C28864141009F3717 = {
						CreatedOnToolsVersion = 13.4.1;
						TestTargetID = 709432FD2827AE9B00A9AC3B;
					};
					1AEE166928864565009F3717 = {
						CreatedOnToolsVersion = 13.4.1;
						TestTargetID = 709432FD2827AE9B00A9AC3B;
					};
					709432FD2827AE9B00A9AC3B = {
						CreatedOnToolsVersion = 12.4;
					};
				};
			};
			buildConfigurationList = 709432F92827AE9B00A9AC3B /* Build configuration list for PBXProject "tripApp" */;
			compatibilityVersion = "Xcode 9.3";
			developmentRegion = en;
			hasScannedForEncodings = 0;
			knownRegions = (
				en,
				Base,
			);
			mainGroup = 709432F52827AE9B00A9AC3B;
			productRefGroup = 709432FF2827AE9B00A9AC3B /* Products */;
			projectDirPath = "";
			projectRoot = "";
			targets = (
				709432FD2827AE9B00A9AC3B /* tripApp */,
				1AEE165C28864141009F3717 /* tripAppTests */,
				1AEE166928864565009F3717 /* tripAppUITests */,
			);
		};
/* End PBXProject section */

/* Begin PBXResourcesBuildPhase section */
		1AEE165B28864141009F3717 /* Resources */ = {
			isa = PBXResourcesBuildPhase;
			buildActionMask = 2147483647;
			files = (
			);
			runOnlyForDeploymentPostprocessing = 0;
		};
		1AEE166828864565009F3717 /* Resources */ = {
			isa = PBXResourcesBuildPhase;
			buildActionMask = 2147483647;
			files = (
			);
			runOnlyForDeploymentPostprocessing = 0;
		};
		709432FC2827AE9B00A9AC3B /* Resources */ = {
			isa = PBXResourcesBuildPhase;
			buildActionMask = 2147483647;
			files = (
				70A20A8C28349D0D0093FCBB /* GoogleService-Info.plist in Resources */,
				7094330E2827AEA000A9AC3B /* LaunchScreen.storyboard in Resources */,
				7094330B2827AEA000A9AC3B /* Assets.xcassets in Resources */,
				709433092827AE9B00A9AC3B /* Main.storyboard in Resources */,
				1AB885EA288D1DE200423D5E /* earth.json in Resources */,
				1AB885E8288D1DDD00423D5E /* LoginPageAnimation.json in Resources */,
			);
			runOnlyForDeploymentPostprocessing = 0;
		};
/* End PBXResourcesBuildPhase section */

/* Begin PBXShellScriptBuildPhase section */
		3A4578EF31FFE80F6E6FC6BD /* [CP] Embed Pods Frameworks */ = {
			isa = PBXShellScriptBuildPhase;
			buildActionMask = 2147483647;
			files = (
			);
			inputFileListPaths = (
				"${PODS_ROOT}/Target Support Files/Pods-tripApp/Pods-tripApp-frameworks-${CONFIGURATION}-input-files.xcfilelist",
			);
			name = "[CP] Embed Pods Frameworks";
			outputFileListPaths = (
				"${PODS_ROOT}/Target Support Files/Pods-tripApp/Pods-tripApp-frameworks-${CONFIGURATION}-output-files.xcfilelist",
			);
			runOnlyForDeploymentPostprocessing = 0;
			shellPath = /bin/sh;
			shellScript = "\"${PODS_ROOT}/Target Support Files/Pods-tripApp/Pods-tripApp-frameworks.sh\"\n";
			showEnvVarsInLog = 0;
		};
		58E1D5DBCE44AC1F3D0ECE0C /* [CP] Check Pods Manifest.lock */ = {
			isa = PBXShellScriptBuildPhase;
			buildActionMask = 2147483647;
			files = (
			);
			inputFileListPaths = (
			);
			inputPaths = (
				"${PODS_PODFILE_DIR_PATH}/Podfile.lock",
				"${PODS_ROOT}/Manifest.lock",
			);
			name = "[CP] Check Pods Manifest.lock";
			outputFileListPaths = (
			);
			outputPaths = (
				"$(DERIVED_FILE_DIR)/Pods-tripAppTests-checkManifestLockResult.txt",
			);
			runOnlyForDeploymentPostprocessing = 0;
			shellPath = /bin/sh;
			shellScript = "diff \"${PODS_PODFILE_DIR_PATH}/Podfile.lock\" \"${PODS_ROOT}/Manifest.lock\" > /dev/null\nif [ $? != 0 ] ; then\n    # print error to STDERR\n    echo \"error: The sandbox is not in sync with the Podfile.lock. Run 'pod install' or update your CocoaPods installation.\" >&2\n    exit 1\nfi\n# This output is used by Xcode 'outputs' to avoid re-running this script phase.\necho \"SUCCESS\" > \"${SCRIPT_OUTPUT_FILE_0}\"\n";
			showEnvVarsInLog = 0;
		};
		DAE179F74BA5FFB22C033AD5 /* [CP] Check Pods Manifest.lock */ = {
			isa = PBXShellScriptBuildPhase;
			buildActionMask = 2147483647;
			files = (
			);
			inputFileListPaths = (
			);
			inputPaths = (
				"${PODS_PODFILE_DIR_PATH}/Podfile.lock",
				"${PODS_ROOT}/Manifest.lock",
			);
			name = "[CP] Check Pods Manifest.lock";
			outputFileListPaths = (
			);
			outputPaths = (
				"$(DERIVED_FILE_DIR)/Pods-tripApp-checkManifestLockResult.txt",
			);
			runOnlyForDeploymentPostprocessing = 0;
			shellPath = /bin/sh;
			shellScript = "diff \"${PODS_PODFILE_DIR_PATH}/Podfile.lock\" \"${PODS_ROOT}/Manifest.lock\" > /dev/null\nif [ $? != 0 ] ; then\n    # print error to STDERR\n    echo \"error: The sandbox is not in sync with the Podfile.lock. Run 'pod install' or update your CocoaPods installation.\" >&2\n    exit 1\nfi\n# This output is used by Xcode 'outputs' to avoid re-running this script phase.\necho \"SUCCESS\" > \"${SCRIPT_OUTPUT_FILE_0}\"\n";
			showEnvVarsInLog = 0;
		};
		E844356D14298C2E286A1C5F /* [CP] Embed Pods Frameworks */ = {
			isa = PBXShellScriptBuildPhase;
			buildActionMask = 2147483647;
			files = (
			);
			inputFileListPaths = (
				"${PODS_ROOT}/Target Support Files/Pods-tripAppTests/Pods-tripAppTests-frameworks-${CONFIGURATION}-input-files.xcfilelist",
			);
			name = "[CP] Embed Pods Frameworks";
			outputFileListPaths = (
				"${PODS_ROOT}/Target Support Files/Pods-tripAppTests/Pods-tripAppTests-frameworks-${CONFIGURATION}-output-files.xcfilelist",
			);
			runOnlyForDeploymentPostprocessing = 0;
			shellPath = /bin/sh;
			shellScript = "\"${PODS_ROOT}/Target Support Files/Pods-tripAppTests/Pods-tripAppTests-frameworks.sh\"\n";
			showEnvVarsInLog = 0;
		};
		F82CE01E039969BCF11714A1 /* [CP] Copy Pods Resources */ = {
			isa = PBXShellScriptBuildPhase;
			buildActionMask = 2147483647;
			files = (
			);
			inputFileListPaths = (
				"${PODS_ROOT}/Target Support Files/Pods-tripApp/Pods-tripApp-resources-${CONFIGURATION}-input-files.xcfilelist",
			);
			name = "[CP] Copy Pods Resources";
			outputFileListPaths = (
				"${PODS_ROOT}/Target Support Files/Pods-tripApp/Pods-tripApp-resources-${CONFIGURATION}-output-files.xcfilelist",
			);
			runOnlyForDeploymentPostprocessing = 0;
			shellPath = /bin/sh;
			shellScript = "\"${PODS_ROOT}/Target Support Files/Pods-tripApp/Pods-tripApp-resources.sh\"\n";
			showEnvVarsInLog = 0;
		};
/* End PBXShellScriptBuildPhase section */

/* Begin PBXSourcesBuildPhase section */
		1AEE165928864141009F3717 /* Sources */ = {
			isa = PBXSourcesBuildPhase;
			buildActionMask = 2147483647;
			files = (
				1AEE166028864141009F3717 /* tripAppTests.swift in Sources */,
			);
			runOnlyForDeploymentPostprocessing = 0;
		};
		1AEE166628864565009F3717 /* Sources */ = {
			isa = PBXSourcesBuildPhase;
			buildActionMask = 2147483647;
			files = (
				1AEE166D28864565009F3717 /* tripAppUITests.swift in Sources */,
				1AEE166F28864565009F3717 /* tripAppUITestsLaunchTests.swift in Sources */,
			);
			runOnlyForDeploymentPostprocessing = 0;
		};
		709432FA2827AE9B00A9AC3B /* Sources */ = {
			isa = PBXSourcesBuildPhase;
			buildActionMask = 2147483647;
			files = (
				70A94C2228388B4F004E5123 /* EditViewController.swift in Sources */,
				706053E1282A92870067F63F /* DetailViewController.swift in Sources */,
				707F88C3284BB2350054521A /* MapCell.swift in Sources */,
				706696CE282CC63900E8DDC1 /* SettingViewController.swift in Sources */,
				1ADB78AF2882689400641846 /* CustomCalloutView.swift in Sources */,
				707278EC28407579009567C1 /* FriendListViewController.swift in Sources */,
				709433062827AE9B00A9AC3B /* ViewController.swift in Sources */,
				707278F028407883009567C1 /* StorageManager.swift in Sources */,
				1A8AFA4A2872D9FE00E39774 /* VideoPlayer.swift in Sources */,
				704C69BF28352D2C0078EA40 /* Profile.swift in Sources */,
				1AC9F3B0286B412500966A41 /* AdCell.swift in Sources */,
				707278F328409720009567C1 /* FriendListCell.swift in Sources */,
				1AB76CFB288EAFFF0064D212 /* PostViewCell.swift in Sources */,
				1AE0BD5F28681B02000F45A7 /* selectLocationMapViewController.swift in Sources */,
				70A20AC62834C9E70093FCBB /* TabBarController.swift in Sources */,
				70A20A972834A9F40093FCBB /* LoginViewController.swift in Sources */,
				706C2421283C76AC00CA084A /* MenuBar.swift in Sources */,
				707F88C1284BB2330054521A /* MapAndDiscriptionCell.swift in Sources */,
				70A20AAB2834C52D0093FCBB /* FirebaseManager.swift in Sources */,
				1A044AB2285F0ECA0047500B /* Friend.swift in Sources */,
				1A71AFB8287FCB52005D4883 /* DiscriptionView.swift in Sources */,
				707F88BF284BB2310054521A /* DiscriptionImageCell.swift in Sources */,
				707F88BC284BB22E0054521A /* DiscriptionCell.swift in Sources */,
				1AEE663028562DE2007AA68B /* MathManager.swift in Sources */,
				1ACB9F012875CAC600E0BEA5 /* SubscriptionViewController.swift in Sources */,
				704C69B628351D370078EA40 /* TextFieldView.swift in Sources */,
				707F88B1284BAF160054521A /* Discription.swift in Sources */,
				709C26A9283E0A4B00696EEE /* FriendSearchViewController.swift in Sources */,
				705B8CC1284DE53E005DA26B /* EmailViewController.swift in Sources */,
				1AB885E6288D150B00423D5E /* PrivacyPolicy.swift in Sources */,
				704EEB6A282D4ED80056E748 /* SectionCell.swift in Sources */,
				70C140A3282A4D92007167A1 /* DataManager.swift in Sources */,
				704EEB67282D4E8C0056E748 /* BaseCell.swift in Sources */,
				1A8AFA4C287305BC00E39774 /* DetailCell.swift in Sources */,
				1ACB9EFC2875816000E0BEA5 /* SubscribeManager.swift in Sources */,
				1AF715F52890FBD9005456A6 /* ArticleCell.swift in Sources */,
				704C69B928351EF80078EA40 /* Comment.swift in Sources */,
				1ACA3FE3288BFEDF00C43E65 /* NotificationView.swift in Sources */,
				70A20AC92834CCE50093FCBB /* ProfileViewController.swift in Sources */,
				70C1409D282A4CEA007167A1 /* Extension.swift in Sources */,
				1AC15EDE287D9BDA001F1FEA /* CashManager.swift in Sources */,
				709433022827AE9B00A9AC3B /* AppDelegate.swift in Sources */,
				1A044AB0285EDB590047500B /* LanguageManager.swift in Sources */,
				70A20AA82834C51E0093FCBB /* AuthManager.swift in Sources */,
				709433042827AE9B00A9AC3B /* SceneDelegate.swift in Sources */,
				70D614FA28281C11007E66A1 /* PostView.swift in Sources */,
				704C69BC28351F0B0078EA40 /* Message.swift in Sources */,
				1A71AFB6287FCAE1005D4883 /* MapView.swift in Sources */,
				1AB76CF9288E8C0B0064D212 /* FriendListView.swift in Sources */,
				70AC684A2828F64F00CEC92E /* imageCell.swift in Sources */,
				1AF715F32890FBBA005456A6 /* MenuView.swift in Sources */,
				704EEB64282D4E4E0056E748 /* MenuCell.swift in Sources */,
				707F88B4284BB0E40054521A /* ProfileCell.swift in Sources */,
				706053E5282AAD940067F63F /* ImageDetailView.swift in Sources */,
				704C69C228352F620078EA40 /* CommentCell.swift in Sources */,
				1AEC03B628619D6D005EF02C /* FollowManager.swift in Sources */,
				1A476FE62890F039001C1044 /* ARViewController.swift in Sources */,
			);
			runOnlyForDeploymentPostprocessing = 0;
		};
/* End PBXSourcesBuildPhase section */

/* Begin PBXTargetDependency section */
		1AEE166228864141009F3717 /* PBXTargetDependency */ = {
			isa = PBXTargetDependency;
			target = 709432FD2827AE9B00A9AC3B /* tripApp */;
			targetProxy = 1AEE166128864141009F3717 /* PBXContainerItemProxy */;
		};
		1AEE167128864565009F3717 /* PBXTargetDependency */ = {
			isa = PBXTargetDependency;
			target = 709432FD2827AE9B00A9AC3B /* tripApp */;
			targetProxy = 1AEE167028864565009F3717 /* PBXContainerItemProxy */;
		};
/* End PBXTargetDependency section */

/* Begin PBXVariantGroup section */
		709433072827AE9B00A9AC3B /* Main.storyboard */ = {
			isa = PBXVariantGroup;
			children = (
				709433082827AE9B00A9AC3B /* Base */,
			);
			name = Main.storyboard;
			sourceTree = "<group>";
		};
		7094330C2827AEA000A9AC3B /* LaunchScreen.storyboard */ = {
			isa = PBXVariantGroup;
			children = (
				7094330D2827AEA000A9AC3B /* Base */,
			);
			name = LaunchScreen.storyboard;
			sourceTree = "<group>";
		};
/* End PBXVariantGroup section */

/* Begin XCBuildConfiguration section */
		1AEE166428864141009F3717 /* Debug */ = {
			isa = XCBuildConfiguration;
			baseConfigurationReference = 4309F1A74F988A7950F46AE8 /* Pods-tripAppTests.debug.xcconfig */;
			buildSettings = {
				BUNDLE_LOADER = "$(TEST_HOST)";
				CLANG_CXX_LANGUAGE_STANDARD = "gnu++17";
				CODE_SIGN_STYLE = Automatic;
				CURRENT_PROJECT_VERSION = 1;
				GENERATE_INFOPLIST_FILE = YES;
				IPHONEOS_DEPLOYMENT_TARGET = 15.5;
				MARKETING_VERSION = 1.0;
				PRODUCT_BUNDLE_IDENTIFIER = sho.tripAppTests;
				PRODUCT_NAME = "$(TARGET_NAME)";
				SWIFT_EMIT_LOC_STRINGS = NO;
				SWIFT_VERSION = 5.0;
				TARGETED_DEVICE_FAMILY = "1,2";
				TEST_HOST = "$(BUILT_PRODUCTS_DIR)/tripApp.app/tripApp";
			};
			name = Debug;
		};
		1AEE166528864141009F3717 /* Release */ = {
			isa = XCBuildConfiguration;
			baseConfigurationReference = 8554E25B87AF8550684159FF /* Pods-tripAppTests.release.xcconfig */;
			buildSettings = {
				BUNDLE_LOADER = "$(TEST_HOST)";
				CLANG_CXX_LANGUAGE_STANDARD = "gnu++17";
				CODE_SIGN_STYLE = Automatic;
				CURRENT_PROJECT_VERSION = 1;
				GENERATE_INFOPLIST_FILE = YES;
				IPHONEOS_DEPLOYMENT_TARGET = 15.5;
				MARKETING_VERSION = 1.0;
				PRODUCT_BUNDLE_IDENTIFIER = sho.tripAppTests;
				PRODUCT_NAME = "$(TARGET_NAME)";
				SWIFT_EMIT_LOC_STRINGS = NO;
				SWIFT_VERSION = 5.0;
				TARGETED_DEVICE_FAMILY = "1,2";
				TEST_HOST = "$(BUILT_PRODUCTS_DIR)/tripApp.app/tripApp";
			};
			name = Release;
		};
		1AEE167328864565009F3717 /* Debug */ = {
			isa = XCBuildConfiguration;
			buildSettings = {
				CLANG_CXX_LANGUAGE_STANDARD = "gnu++17";
				CODE_SIGN_STYLE = Automatic;
				CURRENT_PROJECT_VERSION = 1;
				GENERATE_INFOPLIST_FILE = YES;
				IPHONEOS_DEPLOYMENT_TARGET = 15.5;
				MARKETING_VERSION = 1.0;
				PRODUCT_BUNDLE_IDENTIFIER = sho.tripAppUITests;
				PRODUCT_NAME = "$(TARGET_NAME)";
				SWIFT_EMIT_LOC_STRINGS = NO;
				SWIFT_VERSION = 5.0;
				TARGETED_DEVICE_FAMILY = "1,2";
				TEST_TARGET_NAME = tripApp;
			};
			name = Debug;
		};
		1AEE167428864565009F3717 /* Release */ = {
			isa = XCBuildConfiguration;
			buildSettings = {
				CLANG_CXX_LANGUAGE_STANDARD = "gnu++17";
				CODE_SIGN_STYLE = Automatic;
				CURRENT_PROJECT_VERSION = 1;
				GENERATE_INFOPLIST_FILE = YES;
				IPHONEOS_DEPLOYMENT_TARGET = 15.5;
				MARKETING_VERSION = 1.0;
				PRODUCT_BUNDLE_IDENTIFIER = sho.tripAppUITests;
				PRODUCT_NAME = "$(TARGET_NAME)";
				SWIFT_EMIT_LOC_STRINGS = NO;
				SWIFT_VERSION = 5.0;
				TARGETED_DEVICE_FAMILY = "1,2";
				TEST_TARGET_NAME = tripApp;
			};
			name = Release;
		};
		709433102827AEA000A9AC3B /* Debug */ = {
			isa = XCBuildConfiguration;
			buildSettings = {
				ALWAYS_SEARCH_USER_PATHS = NO;
				CLANG_ANALYZER_NONNULL = YES;
				CLANG_ANALYZER_NUMBER_OBJECT_CONVERSION = YES_AGGRESSIVE;
				CLANG_CXX_LANGUAGE_STANDARD = "gnu++14";
				CLANG_CXX_LIBRARY = "libc++";
				CLANG_ENABLE_MODULES = YES;
				CLANG_ENABLE_OBJC_ARC = YES;
				CLANG_ENABLE_OBJC_WEAK = YES;
				CLANG_WARN_BLOCK_CAPTURE_AUTORELEASING = YES;
				CLANG_WARN_BOOL_CONVERSION = YES;
				CLANG_WARN_COMMA = YES;
				CLANG_WARN_CONSTANT_CONVERSION = YES;
				CLANG_WARN_DEPRECATED_OBJC_IMPLEMENTATIONS = YES;
				CLANG_WARN_DIRECT_OBJC_ISA_USAGE = YES_ERROR;
				CLANG_WARN_DOCUMENTATION_COMMENTS = YES;
				CLANG_WARN_EMPTY_BODY = YES;
				CLANG_WARN_ENUM_CONVERSION = YES;
				CLANG_WARN_INFINITE_RECURSION = YES;
				CLANG_WARN_INT_CONVERSION = YES;
				CLANG_WARN_NON_LITERAL_NULL_CONVERSION = YES;
				CLANG_WARN_OBJC_IMPLICIT_RETAIN_SELF = YES;
				CLANG_WARN_OBJC_LITERAL_CONVERSION = YES;
				CLANG_WARN_OBJC_ROOT_CLASS = YES_ERROR;
				CLANG_WARN_QUOTED_INCLUDE_IN_FRAMEWORK_HEADER = YES;
				CLANG_WARN_RANGE_LOOP_ANALYSIS = YES;
				CLANG_WARN_STRICT_PROTOTYPES = YES;
				CLANG_WARN_SUSPICIOUS_MOVE = YES;
				CLANG_WARN_UNGUARDED_AVAILABILITY = YES_AGGRESSIVE;
				CLANG_WARN_UNREACHABLE_CODE = YES;
				CLANG_WARN__DUPLICATE_METHOD_MATCH = YES;
				COPY_PHASE_STRIP = NO;
				DEBUG_INFORMATION_FORMAT = dwarf;
				ENABLE_STRICT_OBJC_MSGSEND = YES;
				ENABLE_TESTABILITY = YES;
				GCC_C_LANGUAGE_STANDARD = gnu11;
				GCC_DYNAMIC_NO_PIC = NO;
				GCC_NO_COMMON_BLOCKS = YES;
				GCC_OPTIMIZATION_LEVEL = 0;
				GCC_PREPROCESSOR_DEFINITIONS = (
					"DEBUG=1",
					"$(inherited)",
				);
				GCC_WARN_64_TO_32_BIT_CONVERSION = YES;
				GCC_WARN_ABOUT_RETURN_TYPE = YES_ERROR;
				GCC_WARN_UNDECLARED_SELECTOR = YES;
				GCC_WARN_UNINITIALIZED_AUTOS = YES_AGGRESSIVE;
				GCC_WARN_UNUSED_FUNCTION = YES;
				GCC_WARN_UNUSED_VARIABLE = YES;
				IPHONEOS_DEPLOYMENT_TARGET = 14.4;
				MTL_ENABLE_DEBUG_INFO = INCLUDE_SOURCE;
				MTL_FAST_MATH = YES;
				ONLY_ACTIVE_ARCH = YES;
				SDKROOT = iphoneos;
				SWIFT_ACTIVE_COMPILATION_CONDITIONS = DEBUG;
				SWIFT_OPTIMIZATION_LEVEL = "-Onone";
			};
			name = Debug;
		};
		709433112827AEA000A9AC3B /* Release */ = {
			isa = XCBuildConfiguration;
			buildSettings = {
				ALWAYS_SEARCH_USER_PATHS = NO;
				CLANG_ANALYZER_NONNULL = YES;
				CLANG_ANALYZER_NUMBER_OBJECT_CONVERSION = YES_AGGRESSIVE;
				CLANG_CXX_LANGUAGE_STANDARD = "gnu++14";
				CLANG_CXX_LIBRARY = "libc++";
				CLANG_ENABLE_MODULES = YES;
				CLANG_ENABLE_OBJC_ARC = YES;
				CLANG_ENABLE_OBJC_WEAK = YES;
				CLANG_WARN_BLOCK_CAPTURE_AUTORELEASING = YES;
				CLANG_WARN_BOOL_CONVERSION = YES;
				CLANG_WARN_COMMA = YES;
				CLANG_WARN_CONSTANT_CONVERSION = YES;
				CLANG_WARN_DEPRECATED_OBJC_IMPLEMENTATIONS = YES;
				CLANG_WARN_DIRECT_OBJC_ISA_USAGE = YES_ERROR;
				CLANG_WARN_DOCUMENTATION_COMMENTS = YES;
				CLANG_WARN_EMPTY_BODY = YES;
				CLANG_WARN_ENUM_CONVERSION = YES;
				CLANG_WARN_INFINITE_RECURSION = YES;
				CLANG_WARN_INT_CONVERSION = YES;
				CLANG_WARN_NON_LITERAL_NULL_CONVERSION = YES;
				CLANG_WARN_OBJC_IMPLICIT_RETAIN_SELF = YES;
				CLANG_WARN_OBJC_LITERAL_CONVERSION = YES;
				CLANG_WARN_OBJC_ROOT_CLASS = YES_ERROR;
				CLANG_WARN_QUOTED_INCLUDE_IN_FRAMEWORK_HEADER = YES;
				CLANG_WARN_RANGE_LOOP_ANALYSIS = YES;
				CLANG_WARN_STRICT_PROTOTYPES = YES;
				CLANG_WARN_SUSPICIOUS_MOVE = YES;
				CLANG_WARN_UNGUARDED_AVAILABILITY = YES_AGGRESSIVE;
				CLANG_WARN_UNREACHABLE_CODE = YES;
				CLANG_WARN__DUPLICATE_METHOD_MATCH = YES;
				COPY_PHASE_STRIP = NO;
				DEBUG_INFORMATION_FORMAT = "dwarf-with-dsym";
				ENABLE_NS_ASSERTIONS = NO;
				ENABLE_STRICT_OBJC_MSGSEND = YES;
				GCC_C_LANGUAGE_STANDARD = gnu11;
				GCC_NO_COMMON_BLOCKS = YES;
				GCC_WARN_64_TO_32_BIT_CONVERSION = YES;
				GCC_WARN_ABOUT_RETURN_TYPE = YES_ERROR;
				GCC_WARN_UNDECLARED_SELECTOR = YES;
				GCC_WARN_UNINITIALIZED_AUTOS = YES_AGGRESSIVE;
				GCC_WARN_UNUSED_FUNCTION = YES;
				GCC_WARN_UNUSED_VARIABLE = YES;
				IPHONEOS_DEPLOYMENT_TARGET = 14.4;
				MTL_ENABLE_DEBUG_INFO = NO;
				MTL_FAST_MATH = YES;
				SDKROOT = iphoneos;
				SWIFT_COMPILATION_MODE = wholemodule;
				SWIFT_OPTIMIZATION_LEVEL = "-O";
				VALIDATE_PRODUCT = YES;
			};
			name = Release;
		};
		709433132827AEA000A9AC3B /* Debug */ = {
			isa = XCBuildConfiguration;
			baseConfigurationReference = 6ADC08D3C4D4E4B832F10D2B /* Pods-tripApp.debug.xcconfig */;
			buildSettings = {
				ASSETCATALOG_COMPILER_APPICON_NAME = AppIcon;
				ASSETCATALOG_COMPILER_GLOBAL_ACCENT_COLOR_NAME = AccentColor;
				CODE_SIGN_ENTITLEMENTS = tripApp/tripAppDebug.entitlements;
				CODE_SIGN_STYLE = Automatic;
				CURRENT_PROJECT_VERSION = 1.07;
				DEVELOPMENT_TEAM = YA5HXFT63V;
				INFOPLIST_FILE = tripApp/Info.plist;
				LD_RUNPATH_SEARCH_PATHS = (
					"$(inherited)",
					"@executable_path/Frameworks",
				);
				MARKETING_VERSION = 1.07;
				PRODUCT_BUNDLE_IDENTIFIER = com.sho.tripApp;
				PRODUCT_NAME = "$(TARGET_NAME)";
				SWIFT_VERSION = 5.0;
				TARGETED_DEVICE_FAMILY = 1;
			};
			name = Debug;
		};
		709433142827AEA000A9AC3B /* Release */ = {
			isa = XCBuildConfiguration;
			baseConfigurationReference = FF8FE3FB58F6493F953B91A0 /* Pods-tripApp.release.xcconfig */;
			buildSettings = {
				ASSETCATALOG_COMPILER_APPICON_NAME = AppIcon;
				ASSETCATALOG_COMPILER_GLOBAL_ACCENT_COLOR_NAME = AccentColor;
				CODE_SIGN_ENTITLEMENTS = tripApp/tripApp.entitlements;
				CODE_SIGN_STYLE = Automatic;
				CURRENT_PROJECT_VERSION = 1.07;
				DEVELOPMENT_TEAM = YA5HXFT63V;
				INFOPLIST_FILE = tripApp/Info.plist;
				LD_RUNPATH_SEARCH_PATHS = (
					"$(inherited)",
					"@executable_path/Frameworks",
				);
				MARKETING_VERSION = 1.07;
				PRODUCT_BUNDLE_IDENTIFIER = com.sho.tripApp;
				PRODUCT_NAME = "$(TARGET_NAME)";
				SWIFT_VERSION = 5.0;
				TARGETED_DEVICE_FAMILY = 1;
			};
			name = Release;
		};
/* End XCBuildConfiguration section */

/* Begin XCConfigurationList section */
		1AEE166328864141009F3717 /* Build configuration list for PBXNativeTarget "tripAppTests" */ = {
			isa = XCConfigurationList;
			buildConfigurations = (
				1AEE166428864141009F3717 /* Debug */,
				1AEE166528864141009F3717 /* Release */,
			);
			defaultConfigurationIsVisible = 0;
			defaultConfigurationName = Release;
		};
		1AEE167228864565009F3717 /* Build configuration list for PBXNativeTarget "tripAppUITests" */ = {
			isa = XCConfigurationList;
			buildConfigurations = (
				1AEE167328864565009F3717 /* Debug */,
				1AEE167428864565009F3717 /* Release */,
			);
			defaultConfigurationIsVisible = 0;
			defaultConfigurationName = Release;
		};
		709432F92827AE9B00A9AC3B /* Build configuration list for PBXProject "tripApp" */ = {
			isa = XCConfigurationList;
			buildConfigurations = (
				709433102827AEA000A9AC3B /* Debug */,
				709433112827AEA000A9AC3B /* Release */,
			);
			defaultConfigurationIsVisible = 0;
			defaultConfigurationName = Release;
		};
		709433122827AEA000A9AC3B /* Build configuration list for PBXNativeTarget "tripApp" */ = {
			isa = XCConfigurationList;
			buildConfigurations = (
				709433132827AEA000A9AC3B /* Debug */,
				709433142827AEA000A9AC3B /* Release */,
			);
			defaultConfigurationIsVisible = 0;
			defaultConfigurationName = Release;
		};
/* End XCConfigurationList section */
	};
	rootObject = 709432F62827AE9B00A9AC3B /* Project object */;
}
